
Microsoft Visual Studio Solution File, Format Version 12.00
# Visual Studio Version 17
VisualStudioVersion = 17.13.35825.156 d17.13
MinimumVisualStudioVersion = 10.0.40219.1
Project("{8BC9CEB8-8B4A-11D0-8D11-00A0C91BC942}") = "DataStructure_2_5763470", "DataStructure_2_5763470\DataStructure_2_5763470.vcxproj", "{2D7D0CC0-0E24-4726-A3AB-B060541D5843}"
EndProject
Global
	GlobalSection(SolutionConfigurationPlatforms) = preSolution
		Debug|x64 = Debug|x64
		Debug|x86 = Debug|x86
		Release|x64 = Release|x64
		Release|x86 = Release|x86
	EndGlobalSection
	GlobalSection(ProjectConfigurationPlatforms) = postSolution
		{2D7D0CC0-0E24-4726-A3AB-B060541D5843}.Debug|x64.ActiveCfg = Debug|x64
		{2D7D0CC0-0E24-4726-A3AB-B060541D5843}.Debug|x64.Build.0 = Debug|x64
		{2D7D0CC0-0E24-4726-A3AB-B060541D5843}.Debug|x86.ActiveCfg = Debug|Win32
		{2D7D0CC0-0E24-4726-A3AB-B060541D5843}.Debug|x86.Build.0 = Debug|Win32
		{2D7D0CC0-0E24-4726-A3AB-B060541D5843}.Release|x64.ActiveCfg = Release|x64
		{2D7D0CC0-0E24-4726-A3AB-B060541D5843}.Release|x64.Build.0 = Release|x64
		{2D7D0CC0-0E24-4726-A3AB-B060541D5843}.Release|x86.ActiveCfg = Release|Win32
		{2D7D0CC0-0E24-4726-A3AB-B060541D5843}.Release|x86.Build.0 = Release|Win32
	EndGlobalSection
	GlobalSection(SolutionProperties) = preSolution
		HideSolutionNode = FALSE
	EndGlobalSection
	GlobalSection(ExtensibilityGlobals) = postSolution
		SolutionGuid = {84D26F88-E38E-4C4F-A097-F2865FD9A2DB}
	EndGlobalSection
EndGlobal
